// !$*UTF8*$!
{
	archiveVersion = 1;
	classes = {
	};
	objectVersion = 56;
	objects = {

/* Begin PBXBuildFile section */
		3679559A2A18C6770086ABAB /* MyFirstApp.swift in Sources */ = {isa = PBXBuildFile; fileRef = 367955992A18C6770086ABAB /* MyFirstApp.swift */; };
		3679559C2A18C6770086ABAB /* ContentView.swift in Sources */ = {isa = PBXBuildFile; fileRef = 3679559B2A18C6770086ABAB /* ContentView.swift */; };
		3679559E2A18C6780086ABAB /* Assets.xcassets in Resources */ = {isa = PBXBuildFile; fileRef = 3679559D2A18C6780086ABAB /* Assets.xcassets */; };
		367955A12A18C6780086ABAB /* Preview Assets.xcassets in Resources */ = {isa = PBXBuildFile; fileRef = 367955A02A18C6780086ABAB /* Preview Assets.xcassets */; };
		367955A32A18C6780086ABAB /* Persistence.swift in Sources */ = {isa = PBXBuildFile; fileRef = 367955A22A18C6780086ABAB /* Persistence.swift */; };
		367955A62A18C6780086ABAB /* MyFirst.xcdatamodeld in Sources */ = {isa = PBXBuildFile; fileRef = 367955A42A18C6780086ABAB /* MyFirst.xcdatamodeld */; };
		367955B12A18C6790086ABAB /* MyFirstTests.swift in Sources */ = {isa = PBXBuildFile; fileRef = 367955B02A18C6790086ABAB /* MyFirstTests.swift */; };
		367955BB2A18C6790086ABAB /* MyFirstUITests.swift in Sources */ = {isa = PBXBuildFile; fileRef = 367955BA2A18C6790086ABAB /* MyFirstUITests.swift */; };
		367955BD2A18C6790086ABAB /* MyFirstUITestsLaunchTests.swift in Sources */ = {isa = PBXBuildFile; fileRef = 367955BC2A18C6790086ABAB /* MyFirstUITestsLaunchTests.swift */; };
/* End PBXBuildFile section */

/* Begin PBXContainerItemProxy section */
		367955AD2A18C6790086ABAB /* PBXContainerItemProxy */ = {
			isa = PBXContainerItemProxy;
			containerPortal = 3679558E2A18C6770086ABAB /* Project object */;
			proxyType = 1;
			remoteGlobalIDString = 367955952A18C6770086ABAB;
			remoteInfo = MyFirst;
		};
		367955B72A18C6790086ABAB /* PBXContainerItemProxy */ = {
			isa = PBXContainerItemProxy;
			containerPortal = 3679558E2A18C6770086ABAB /* Project object */;
			proxyType = 1;
			remoteGlobalIDString = 367955952A18C6770086ABAB;
			remoteInfo = MyFirst;
		};
/* End PBXContainerItemProxy section */

/* Begin PBXFileReference section */
		367955962A18C6770086ABAB /* MyFirst.app */ = {isa = PBXFileReference; explicitFileType = wrapper.application; includeInIndex = 0; path = MyFirst.app; sourceTree = BUILT_PRODUCTS_DIR; };
		367955992A18C6770086ABAB /* MyFirstApp.swift */ = {isa = PBXFileReference; lastKnownFileType = sourcecode.swift; path = MyFirstApp.swift; sourceTree = "<group>"; };
		3679559B2A18C6770086ABAB /* ContentView.swift */ = {isa = PBXFileReference; lastKnownFileType = sourcecode.swift; path = ContentView.swift; sourceTree = "<group>"; };
		3679559D2A18C6780086ABAB /* Assets.xcassets */ = {isa = PBXFileReference; lastKnownFileType = folder.assetcatalog; path = Assets.xcassets; sourceTree = "<group>"; };
		367955A02A18C6780086ABAB /* Preview Assets.xcassets */ = {isa = PBXFileReference; lastKnownFileType = folder.assetcatalog; path = "Preview Assets.xcassets"; sourceTree = "<group>"; };
		367955A22A18C6780086ABAB /* Persistence.swift */ = {isa = PBXFileReference; lastKnownFileType = sourcecode.swift; path = Persistence.swift; sourceTree = "<group>"; };
		367955A52A18C6780086ABAB /* MyFirst.xcdatamodel */ = {isa = PBXFileReference; lastKnownFileType = wrapper.xcdatamodel; path = MyFirst.xcdatamodel; sourceTree = "<group>"; };
		367955A72A18C6780086ABAB /* Info.plist */ = {isa = PBXFileReference; lastKnownFileType = text.plist.xml; path = Info.plist; sourceTree = "<group>"; };
		367955AC2A18C6790086ABAB /* MyFirstTests.xctest */ = {isa = PBXFileReference; explicitFileType = wrapper.cfbundle; includeInIndex = 0; path = MyFirstTests.xctest; sourceTree = BUILT_PRODUCTS_DIR; };
		367955B02A18C6790086ABAB /* MyFirstTests.swift */ = {isa = PBXFileReference; lastKnownFileType = sourcecode.swift; path = MyFirstTests.swift; sourceTree = "<group>"; };
		367955B62A18C6790086ABAB /* MyFirstUITests.xctest */ = {isa = PBXFileReference; explicitFileType = wrapper.cfbundle; includeInIndex = 0; path = MyFirstUITests.xctest; sourceTree = BUILT_PRODUCTS_DIR; };
		367955BA2A18C6790086ABAB /* MyFirstUITests.swift */ = {isa = PBXFileReference; lastKnownFileType = sourcecode.swift; path = MyFirstUITests.swift; sourceTree = "<group>"; };
		367955BC2A18C6790086ABAB /* MyFirstUITestsLaunchTests.swift */ = {isa = PBXFileReference; lastKnownFileType = sourcecode.swift; path = MyFirstUITestsLaunchTests.swift; sourceTree = "<group>"; };
/* End PBXFileReference section */

/* Begin PBXFrameworksBuildPhase section */
		367955932A18C6770086ABAB /* Frameworks */ = {
			isa = PBXFrameworksBuildPhase;
			buildActionMask = 2147483647;
			files = (
			);
			runOnlyForDeploymentPostprocessing = 0;
		};
		367955A92A18C6790086ABAB /* Frameworks */ = {
			isa = PBXFrameworksBuildPhase;
			buildActionMask = 2147483647;
			files = (
			);
			runOnlyForDeploymentPostprocessing = 0;
		};
		367955B32A18C6790086ABAB /* Frameworks */ = {
			isa = PBXFrameworksBuildPhase;
			buildActionMask = 2147483647;
			files = (
			);
			runOnlyForDeploymentPostprocessing = 0;
		};
/* End PBXFrameworksBuildPhase section */

/* Begin PBXGroup section */
		3679558D2A18C6770086ABAB = {
			isa = PBXGroup;
			children = (
				367955982A18C6770086ABAB /* MyFirst */,
				367955AF2A18C6790086ABAB /* MyFirstTests */,
				367955B92A18C6790086ABAB /* MyFirstUITests */,
				367955972A18C6770086ABAB /* Products */,
			);
			sourceTree = "<group>";
		};
		367955972A18C6770086ABAB /* Products */ = {
			isa = PBXGroup;
			children = (
				367955962A18C6770086ABAB /* MyFirst.app */,
				367955AC2A18C6790086ABAB /* MyFirstTests.xctest */,
				367955B62A18C6790086ABAB /* MyFirstUITests.xctest */,
			);
			name = Products;
			sourceTree = "<group>";
		};
		367955982A18C6770086ABAB /* MyFirst */ = {
			isa = PBXGroup;
			children = (
				367955992A18C6770086ABAB /* MyFirstApp.swift */,
				3679559B2A18C6770086ABAB /* ContentView.swift */,
				3679559D2A18C6780086ABAB /* Assets.xcassets */,
				367955A22A18C6780086ABAB /* Persistence.swift */,
				367955A72A18C6780086ABAB /* Info.plist */,
				367955A42A18C6780086ABAB /* MyFirst.xcdatamodeld */,
				3679559F2A18C6780086ABAB /* Preview Content */,
			);
			path = MyFirst;
			sourceTree = "<group>";
		};
		3679559F2A18C6780086ABAB /* Preview Content */ = {
			isa = PBXGroup;
			children = (
				367955A02A18C6780086ABAB /* Preview Assets.xcassets */,
			);
			path = "Preview Content";
			sourceTree = "<group>";
		};
		367955AF2A18C6790086ABAB /* MyFirstTests */ = {
			isa = PBXGroup;
			children = (
				367955B02A18C6790086ABAB /* MyFirstTests.swift */,
			);
			path = MyFirstTests;
			sourceTree = "<group>";
		};
		367955B92A18C6790086ABAB /* MyFirstUITests */ = {
			isa = PBXGroup;
			children = (
				367955BA2A18C6790086ABAB /* MyFirstUITests.swift */,
				367955BC2A18C6790086ABAB /* MyFirstUITestsLaunchTests.swift */,
			);
			path = MyFirstUITests;
			sourceTree = "<group>";
		};
/* End PBXGroup section */

/* Begin PBXNativeTarget section */
		367955952A18C6770086ABAB /* MyFirst */ = {
			isa = PBXNativeTarget;
			buildConfigurationList = 367955C02A18C6790086ABAB /* Build configuration list for PBXNativeTarget "MyFirst" */;
			buildPhases = (
				367955922A18C6770086ABAB /* Sources */,
				367955932A18C6770086ABAB /* Frameworks */,
				367955942A18C6770086ABAB /* Resources */,
			);
			buildRules = (
			);
			dependencies = (
			);
			name = MyFirst;
			productName = MyFirst;
			productReference = 367955962A18C6770086ABAB /* MyFirst.app */;
			productType = "com.apple.product-type.application";
		};
		367955AB2A18C6790086ABAB /* MyFirstTests */ = {
			isa = PBXNativeTarget;
			buildConfigurationList = 367955C32A18C6790086ABAB /* Build configuration list for PBXNativeTarget "MyFirstTests" */;
			buildPhases = (
				367955A82A18C6790086ABAB /* Sources */,
				367955A92A18C6790086ABAB /* Frameworks */,
				367955AA2A18C6790086ABAB /* Resources */,
			);
			buildRules = (
			);
			dependencies = (
				367955AE2A18C6790086ABAB /* PBXTargetDependency */,
			);
			name = MyFirstTests;
			productName = MyFirstTests;
			productReference = 367955AC2A18C6790086ABAB /* MyFirstTests.xctest */;
			productType = "com.apple.product-type.bundle.unit-test";
		};
		367955B52A18C6790086ABAB /* MyFirstUITests */ = {
			isa = PBXNativeTarget;
			buildConfigurationList = 367955C62A18C6790086ABAB /* Build configuration list for PBXNativeTarget "MyFirstUITests" */;
			buildPhases = (
				367955B22A18C6790086ABAB /* Sources */,
				367955B32A18C6790086ABAB /* Frameworks */,
				367955B42A18C6790086ABAB /* Resources */,
			);
			buildRules = (
			);
			dependencies = (
				367955B82A18C6790086ABAB /* PBXTargetDependency */,
			);
			name = MyFirstUITests;
			productName = MyFirstUITests;
			productReference = 367955B62A18C6790086ABAB /* MyFirstUITests.xctest */;
			productType = "com.apple.product-type.bundle.ui-testing";
		};
/* End PBXNativeTarget section */

/* Begin PBXProject section */
		3679558E2A18C6770086ABAB /* Project object */ = {
			isa = PBXProject;
			attributes = {
				BuildIndependentTargetsInParallel = 1;
				LastSwiftUpdateCheck = 1430;
				LastUpgradeCheck = 1430;
				TargetAttributes = {
					367955952A18C6770086ABAB = {
						CreatedOnToolsVersion = 14.3;
					};
					367955AB2A18C6790086ABAB = {
						CreatedOnToolsVersion = 14.3;
						TestTargetID = 367955952A18C6770086ABAB;
					};
					367955B52A18C6790086ABAB = {
						CreatedOnToolsVersion = 14.3;
						TestTargetID = 367955952A18C6770086ABAB;
					};
				};
			};
			buildConfigurationList = 367955912A18C6770086ABAB /* Build configuration list for PBXProject "MyFirst" */;
			compatibilityVersion = "Xcode 14.0";
			developmentRegion = en;
			hasScannedForEncodings = 0;
			knownRegions = (
				en,
				Base,
			);
			mainGroup = 3679558D2A18C6770086ABAB;
			productRefGroup = 367955972A18C6770086ABAB /* Products */;
			projectDirPath = "";
			projectRoot = "";
			targets = (
				367955952A18C6770086ABAB /* MyFirst */,
				367955AB2A18C6790086ABAB /* MyFirstTests */,
				367955B52A18C6790086ABAB /* MyFirstUITests */,
			);
		};
/* End PBXProject section */

/* Begin PBXResourcesBuildPhase section */
		367955942A18C6770086ABAB /* Resources */ = {
			isa = PBXResourcesBuildPhase;
			buildActionMask = 2147483647;
			files = (
				367955A12A18C6780086ABAB /* Preview Assets.xcassets in Resources */,
				3679559E2A18C6780086ABAB /* Assets.xcassets in Resources */,
			);
			runOnlyForDeploymentPostprocessing = 0;
		};
		367955AA2A18C6790086ABAB /* Resources */ = {
			isa = PBXResourcesBuildPhase;
			buildActionMask = 2147483647;
			files = (
			);
			runOnlyForDeploymentPostprocessing = 0;
		};
		367955B42A18C6790086ABAB /* Resources */ = {
			isa = PBXResourcesBuildPhase;
			buildActionMask = 2147483647;
			files = (
			);
			runOnlyForDeploymentPostprocessing = 0;
		};
/* End PBXResourcesBuildPhase section */

/* Begin PBXSourcesBuildPhase section */
		367955922A18C6770086ABAB /* Sources */ = {
			isa = PBXSourcesBuildPhase;
			buildActionMask = 2147483647;
			files = (
				367955A32A18C6780086ABAB /* Persistence.swift in Sources */,
				3679559C2A18C6770086ABAB /* ContentView.swift in Sources */,
				367955A62A18C6780086ABAB /* MyFirst.xcdatamodeld in Sources */,
				3679559A2A18C6770086ABAB /* MyFirstApp.swift in Sources */,
			);
			runOnlyForDeploymentPostprocessing = 0;
		};
		367955A82A18C6790086ABAB /* Sources */ = {
			isa = PBXSourcesBuildPhase;
			buildActionMask = 2147483647;
			files = (
				367955B12A18C6790086ABAB /* MyFirstTests.swift in Sources */,
			);
			runOnlyForDeploymentPostprocessing = 0;
		};
		367955B22A18C6790086ABAB /* Sources */ = {
			isa = PBXSourcesBuildPhase;
			buildActionMask = 2147483647;
			files = (
				367955BB2A18C6790086ABAB /* MyFirstUITests.swift in Sources */,
				367955BD2A18C6790086ABAB /* MyFirstUITestsLaunchTests.swift in Sources */,
			);
			runOnlyForDeploymentPostprocessing = 0;
		};
/* End PBXSourcesBuildPhase section */

/* Begin PBXTargetDependency section */
		367955AE2A18C6790086ABAB /* PBXTargetDependency */ = {
			isa = PBXTargetDependency;
			target = 367955952A18C6770086ABAB /* MyFirst */;
			targetProxy = 367955AD2A18C6790086ABAB /* PBXContainerItemProxy */;
		};
		367955B82A18C6790086ABAB /* PBXTargetDependency */ = {
			isa = PBXTargetDependency;
			target = 367955952A18C6770086ABAB /* MyFirst */;
			targetProxy = 367955B72A18C6790086ABAB /* PBXContainerItemProxy */;
		};
/* End PBXTargetDependency section */

/* Begin XCBuildConfiguration section */
		367955BE2A18C6790086ABAB /* Debug */ = {
			isa = XCBuildConfiguration;
			buildSettings = {
				ALWAYS_SEARCH_USER_PATHS = NO;
				CLANG_ANALYZER_NONNULL = YES;
				CLANG_ANALYZER_NUMBER_OBJECT_CONVERSION = YES_AGGRESSIVE;
				CLANG_CXX_LANGUAGE_STANDARD = "gnu++20";
				CLANG_ENABLE_MODULES = YES;
				CLANG_ENABLE_OBJC_ARC = YES;
				CLANG_ENABLE_OBJC_WEAK = YES;
				CLANG_WARN_BLOCK_CAPTURE_AUTORELEASING = YES;
				CLANG_WARN_BOOL_CONVERSION = YES;
				CLANG_WARN_COMMA = YES;
				CLANG_WARN_CONSTANT_CONVERSION = YES;
				CLANG_WARN_DEPRECATED_OBJC_IMPLEMENTATIONS = YES;
				CLANG_WARN_DIRECT_OBJC_ISA_USAGE = YES_ERROR;
				CLANG_WARN_DOCUMENTATION_COMMENTS = YES;
				CLANG_WARN_EMPTY_BODY = YES;
				CLANG_WARN_ENUM_CONVERSION = YES;
				CLANG_WARN_INFINITE_RECURSION = YES;
				CLANG_WARN_INT_CONVERSION = YES;
				CLANG_WARN_NON_LITERAL_NULL_CONVERSION = YES;
				CLANG_WARN_OBJC_IMPLICIT_RETAIN_SELF = YES;
				CLANG_WARN_OBJC_LITERAL_CONVERSION = YES;
				CLANG_WARN_OBJC_ROOT_CLASS = YES_ERROR;
				CLANG_WARN_QUOTED_INCLUDE_IN_FRAMEWORK_HEADER = YES;
				CLANG_WARN_RANGE_LOOP_ANALYSIS = YES;
				CLANG_WARN_STRICT_PROTOTYPES = YES;
				CLANG_WARN_SUSPICIOUS_MOVE = YES;
				CLANG_WARN_UNGUARDED_AVAILABILITY = YES_AGGRESSIVE;
				CLANG_WARN_UNREACHABLE_CODE = YES;
				CLANG_WARN__DUPLICATE_METHOD_MATCH = YES;
				COPY_PHASE_STRIP = NO;
				DEBUG_INFORMATION_FORMAT = dwarf;
				ENABLE_STRICT_OBJC_MSGSEND = YES;
				ENABLE_TESTABILITY = YES;
				GCC_C_LANGUAGE_STANDARD = gnu11;
				GCC_DYNAMIC_NO_PIC = NO;
				GCC_NO_COMMON_BLOCKS = YES;
				GCC_OPTIMIZATION_LEVEL = 0;
				GCC_PREPROCESSOR_DEFINITIONS = (
					"DEBUG=1",
					"$(inherited)",
				);
				GCC_WARN_64_TO_32_BIT_CONVERSION = YES;
				GCC_WARN_ABOUT_RETURN_TYPE = YES_ERROR;
				GCC_WARN_UNDECLARED_SELECTOR = YES;
				GCC_WARN_UNINITIALIZED_AUTOS = YES_AGGRESSIVE;
				GCC_WARN_UNUSED_FUNCTION = YES;
				GCC_WARN_UNUSED_VARIABLE = YES;
				IPHONEOS_DEPLOYMENT_TARGET = 16.4;
				MTL_ENABLE_DEBUG_INFO = INCLUDE_SOURCE;
				MTL_FAST_MATH = YES;
				ONLY_ACTIVE_ARCH = YES;
				SDKROOT = iphoneos;
				SWIFT_ACTIVE_COMPILATION_CONDITIONS = DEBUG;
				SWIFT_OPTIMIZATION_LEVEL = "-Onone";
			};
			name = Debug;
		};
		367955BF2A18C6790086ABAB /* Release */ = {
			isa = XCBuildConfiguration;
			buildSettings = {
				ALWAYS_SEARCH_USER_PATHS = NO;
				CLANG_ANALYZER_NONNULL = YES;
				CLANG_ANALYZER_NUMBER_OBJECT_CONVERSION = YES_AGGRESSIVE;
				CLANG_CXX_LANGUAGE_STANDARD = "gnu++20";
				CLANG_ENABLE_MODULES = YES;
				CLANG_ENABLE_OBJC_ARC = YES;
				CLANG_ENABLE_OBJC_WEAK = YES;
				CLANG_WARN_BLOCK_CAPTURE_AUTORELEASING = YES;
				CLANG_WARN_BOOL_CONVERSION = YES;
				CLANG_WARN_COMMA = YES;
				CLANG_WARN_CONSTANT_CONVERSION = YES;
				CLANG_WARN_DEPRECATED_OBJC_IMPLEMENTATIONS = YES;
				CLANG_WARN_DIRECT_OBJC_ISA_USAGE = YES_ERROR;
				CLANG_WARN_DOCUMENTATION_COMMENTS = YES;
				CLANG_WARN_EMPTY_BODY = YES;
				CLANG_WARN_ENUM_CONVERSION = YES;
				CLANG_WARN_INFINITE_RECURSION = YES;
				CLANG_WARN_INT_CONVERSION = YES;
				CLANG_WARN_NON_LITERAL_NULL_CONVERSION = YES;
				CLANG_WARN_OBJC_IMPLICIT_RETAIN_SELF = YES;
				CLANG_WARN_OBJC_LITERAL_CONVERSION = YES;
				CLANG_WARN_OBJC_ROOT_CLASS = YES_ERROR;
				CLANG_WARN_QUOTED_INCLUDE_IN_FRAMEWORK_HEADER = YES;
				CLANG_WARN_RANGE_LOOP_ANALYSIS = YES;
				CLANG_WARN_STRICT_PROTOTYPES = YES;
				CLANG_WARN_SUSPICIOUS_MOVE = YES;
				CLANG_WARN_UNGUARDED_AVAILABILITY = YES_AGGRESSIVE;
				CLANG_WARN_UNREACHABLE_CODE = YES;
				CLANG_WARN__DUPLICATE_METHOD_MATCH = YES;
				COPY_PHASE_STRIP = NO;
				DEBUG_INFORMATION_FORMAT = "dwarf-with-dsym";
				ENABLE_NS_ASSERTIONS = NO;
				ENABLE_STRICT_OBJC_MSGSEND = YES;
				GCC_C_LANGUAGE_STANDARD = gnu11;
				GCC_NO_COMMON_BLOCKS = YES;
				GCC_WARN_64_TO_32_BIT_CONVERSION = YES;
				GCC_WARN_ABOUT_RETURN_TYPE = YES_ERROR;
				GCC_WARN_UNDECLARED_SELECTOR = YES;
				GCC_WARN_UNINITIALIZED_AUTOS = YES_AGGRESSIVE;
				GCC_WARN_UNUSED_FUNCTION = YES;
				GCC_WARN_UNUSED_VARIABLE = YES;
				IPHONEOS_DEPLOYMENT_TARGET = 16.4;
				MTL_ENABLE_DEBUG_INFO = NO;
				MTL_FAST_MATH = YES;
				SDKROOT = iphoneos;
				SWIFT_COMPILATION_MODE = wholemodule;
				SWIFT_OPTIMIZATION_LEVEL = "-O";
				VALIDATE_PRODUCT = YES;
			};
			name = Release;
		};
		367955C12A18C6790086ABAB /* Debug */ = {
			isa = XCBuildConfiguration;
			buildSettings = {
				ASSETCATALOG_COMPILER_APPICON_NAME = AppIcon;
				ASSETCATALOG_COMPILER_GLOBAL_ACCENT_COLOR_NAME = AccentColor;
				CODE_SIGN_STYLE = Automatic;
				CURRENT_PROJECT_VERSION = 1;
				DEVELOPMENT_ASSET_PATHS = "\"MyFirst/Preview Content\"";
				ENABLE_PREVIEWS = YES;
				GENERATE_INFOPLIST_FILE = YES;
				INFOPLIST_KEY_UIApplicationSceneManifest_Generation = YES;
				INFOPLIST_KEY_UIApplicationSupportsIndirectInputEvents = YES;
				INFOPLIST_KEY_UILaunchScreen_Generation = YES;
				INFOPLIST_KEY_UISupportedInterfaceOrientations_iPad = "UIInterfaceOrientationPortrait UIInterfaceOrientationPortraitUpsideDown UIInterfaceOrientationLandscapeLeft UIInterfaceOrientationLandscapeRight";
				INFOPLIST_KEY_UISupportedInterfaceOrientations_iPhone = "UIInterfaceOrientationPortrait UIInterfaceOrientationLandscapeLeft UIInterfaceOrientationLandscapeRight";
				LD_RUNPATH_SEARCH_PATHS = (
					"$(inherited)",
					"@executable_path/Frameworks",
				);
				MARKETING_VERSION = 1.0;
				PRODUCT_BUNDLE_IDENTIFIER = "Swift-Beginners.MyFirst";
				PRODUCT_NAME = "$(TARGET_NAME)";
				SWIFT_EMIT_LOC_STRINGS = YES;
				SWIFT_VERSION = 5.0;
				TARGETED_DEVICE_FAMILY = "1,2";
			};
			name = Debug;
		};
		367955C22A18C6790086ABAB /* Release */ = {
			isa = XCBuildConfiguration;
			buildSettings = {
				ASSETCATALOG_COMPILER_APPICON_NAME = AppIcon;
				ASSETCATALOG_COMPILER_GLOBAL_ACCENT_COLOR_NAME = AccentColor;
				CODE_SIGN_STYLE = Automatic;
				CURRENT_PROJECT_VERSION = 1;
				DEVELOPMENT_ASSET_PATHS = "\"MyFirst/Preview Content\"";
				ENABLE_PREVIEWS = YES;
				GENERATE_INFOPLIST_FILE = YES;
				INFOPLIST_KEY_UIApplicationSceneManifest_Generation = YES;
				INFOPLIST_KEY_UIApplicationSupportsIndirectInputEvents = YES;
				INFOPLIST_KEY_UILaunchScreen_Generation = YES;
				INFOPLIST_KEY_UISupportedInterfaceOrientations_iPad = "UIInterfaceOrientationPortrait UIInterfaceOrientationPortraitUpsideDown UIInterfaceOrientationLandscapeLeft UIInterfaceOrientationLandscapeRight";
				INFOPLIST_KEY_UISupportedInterfaceOrientations_iPhone = "UIInterfaceOrientationPortrait UIInterfaceOrientationLandscapeLeft UIInterfaceOrientationLandscapeRight";
				LD_RUNPATH_SEARCH_PATHS = (
					"$(inherited)",
					"@executable_path/Frameworks",
				);
				MARKETING_VERSION = 1.0;
				PRODUCT_BUNDLE_IDENTIFIER = "Swift-Beginners.MyFirst";
				PRODUCT_NAME = "$(TARGET_NAME)";
				SWIFT_EMIT_LOC_STRINGS = YES;
				SWIFT_VERSION = 5.0;
				TARGETED_DEVICE_FAMILY = "1,2";
			};
			name = Release;
		};
		367955C42A18C6790086ABAB /* Debug */ = {
			isa = XCBuildConfiguration;
			buildSettings = {
				ALWAYS_EMBED_SWIFT_STANDARD_LIBRARIES = YES;
				BUNDLE_LOADER = "$(TEST_HOST)";
				CODE_SIGN_STYLE = Automatic;
				CURRENT_PROJECT_VERSION = 1;
				GENERATE_INFOPLIST_FILE = YES;
				IPHONEOS_DEPLOYMENT_TARGET = 16.4;
				MARKETING_VERSION = 1.0;
				PRODUCT_BUNDLE_IDENTIFIER = "Swift-Beginners.MyFirstTests";
				PRODUCT_NAME = "$(TARGET_NAME)";
				SWIFT_EMIT_LOC_STRINGS = NO;
				SWIFT_VERSION = 5.0;
				TARGETED_DEVICE_FAMILY = "1,2";
				TEST_HOST = "$(BUILT_PRODUCTS_DIR)/MyFirst.app/$(BUNDLE_EXECUTABLE_FOLDER_PATH)/MyFirst";
			};
			name = Debug;
		};
		367955C52A18C6790086ABAB /* Release */ = {
			isa = XCBuildConfiguration;
			buildSettings = {
				ALWAYS_EMBED_SWIFT_STANDARD_LIBRARIES = YES;
				BUNDLE_LOADER = "$(TEST_HOST)";
				CODE_SIGN_STYLE = Automatic;
				CURRENT_PROJECT_VERSION = 1;
				GENERATE_INFOPLIST_FILE = YES;
				IPHONEOS_DEPLOYMENT_TARGET = 16.4;
				MARKETING_VERSION = 1.0;
				PRODUCT_BUNDLE_IDENTIFIER = "Swift-Beginners.MyFirstTests";
				PRODUCT_NAME = "$(TARGET_NAME)";
				SWIFT_EMIT_LOC_STRINGS = NO;
				SWIFT_VERSION = 5.0;
				TARGETED_DEVICE_FAMILY = "1,2";
				TEST_HOST = "$(BUILT_PRODUCTS_DIR)/MyFirst.app/$(BUNDLE_EXECUTABLE_FOLDER_PATH)/MyFirst";
			};
			name = Release;
		};
		367955C72A18C6790086ABAB /* Debug */ = {
			isa = XCBuildConfiguration;
			buildSettings = {
				ALWAYS_EMBED_SWIFT_STANDARD_LIBRARIES = YES;
				CODE_SIGN_STYLE = Automatic;
				CURRENT_PROJECT_VERSION = 1;
				GENERATE_INFOPLIST_FILE = YES;
				MARKETING_VERSION = 1.0;
				PRODUCT_BUNDLE_IDENTIFIER = "Swift-Beginners.MyFirstUITests";
				PRODUCT_NAME = "$(TARGET_NAME)";
				SWIFT_EMIT_LOC_STRINGS = NO;
				SWIFT_VERSION = 5.0;
				TARGETED_DEVICE_FAMILY = "1,2";
				TEST_TARGET_NAME = MyFirst;
			};
			name = Debug;
		};
		367955C82A18C6790086ABAB /* Release */ = {
			isa = XCBuildConfiguration;
			buildSettings = {
				ALWAYS_EMBED_SWIFT_STANDARD_LIBRARIES = YES;
				CODE_SIGN_STYLE = Automatic;
				CURRENT_PROJECT_VERSION = 1;
				GENERATE_INFOPLIST_FILE = YES;
				MARKETING_VERSION = 1.0;
				PRODUCT_BUNDLE_IDENTIFIER = "Swift-Beginners.MyFirstUITests";
				PRODUCT_NAME = "$(TARGET_NAME)";
				SWIFT_EMIT_LOC_STRINGS = NO;
				SWIFT_VERSION = 5.0;
				TARGETED_DEVICE_FAMILY = "1,2";
				TEST_TARGET_NAME = MyFirst;
			};
			name = Release;
		};
/* End XCBuildConfiguration section */

/* Begin XCConfigurationList section */
		367955912A18C6770086ABAB /* Build configuration list for PBXProject "MyFirst" */ = {
			isa = XCConfigurationList;
			buildConfigurations = (
				367955BE2A18C6790086ABAB /* Debug */,
				367955BF2A18C6790086ABAB /* Release */,
			);
			defaultConfigurationIsVisible = 0;
			defaultConfigurationName = Release;
		};
		367955C02A18C6790086ABAB /* Build configuration list for PBXNativeTarget "MyFirst" */ = {
			isa = XCConfigurationList;
			buildConfigurations = (
				367955C12A18C6790086ABAB /* Debug */,
				367955C22A18C6790086ABAB /* Release */,
			);
			defaultConfigurationIsVisible = 0;
			defaultConfigurationName = Release;
		};
		367955C32A18C6790086ABAB /* Build configuration list for PBXNativeTarget "MyFirstTests" */ = {
			isa = XCConfigurationList;
			buildConfigurations = (
				367955C42A18C6790086ABAB /* Debug */,
				367955C52A18C6790086ABAB /* Release */,
			);
			defaultConfigurationIsVisible = 0;
			defaultConfigurationName = Release;
		};
		367955C62A18C6790086ABAB /* Build configuration list for PBXNativeTarget "MyFirstUITests" */ = {
			isa = XCConfigurationList;
			buildConfigurations = (
				367955C72A18C6790086ABAB /* Debug */,
				367955C82A18C6790086ABAB /* Release */,
			);
			defaultConfigurationIsVisible = 0;
			defaultConfigurationName = Release;
		};
/* End XCConfigurationList section */

/* Begin XCVersionGroup section */
		367955A42A18C6780086ABAB /* MyFirst.xcdatamodeld */ = {
			isa = XCVersionGroup;
			children = (
				367955A52A18C6780086ABAB /* MyFirst.xcdatamodel */,
			);
			currentVersion = 367955A52A18C6780086ABAB /* MyFirst.xcdatamodel */;
			path = MyFirst.xcdatamodeld;
			sourceTree = "<group>";
			versionGroupType = wrapper.xcdatamodel;
		};
/* End XCVersionGroup section */
	};
	rootObject = 3679558E2A18C6770086ABAB /* Project object */;
}
